
Microsoft Visual Studio Solution File, Format Version 12.00
# Visual Studio 15
VisualStudioVersion = 15.0.28307.329
MinimumVisualStudioVersion = 10.0.40219.1
Project("{FAE04EC0-301F-11D3-BF4B-00C04F79EFBC}") = "Projeto", "Projeto\Projeto.csproj", "{FC5DF99F-1EB2-430C-B196-8BFA8322486C}"
EndProject
Global
	GlobalSection(SolutionConfigurationPlatforms) = preSolution
		Debug|Any CPU = Debug|Any CPU
		Release|Any CPU = Release|Any CPU
	EndGlobalSection
	GlobalSection(ProjectConfigurationPlatforms) = postSolution
		{FC5DF99F-1EB2-430C-B196-8BFA8322486C}.Debug|Any CPU.ActiveCfg = Debug|Any CPU
		{FC5DF99F-1EB2-430C-B196-8BFA8322486C}.Debug|Any CPU.Build.0 = Debug|Any CPU
		{FC5DF99F-1EB2-430C-B196-8BFA8322486C}.Release|Any CPU.ActiveCfg = Release|Any CPU
		{FC5DF99F-1EB2-430C-B196-8BFA8322486C}.Release|Any CPU.Build.0 = Release|Any CPU
	EndGlobalSection
	GlobalSection(SolutionProperties) = preSolution
		HideSolutionNode = FALSE
	EndGlobalSection
	GlobalSection(ExtensibilityGlobals) = postSolution
		SolutionGuid = {4A27F4F4-49C0-4EF4-B75F-CEB069A69CCE}
	EndGlobalSection
EndGlobal
